// !$*UTF8*$!
{
	archiveVersion = 1;
	classes = {
	};
	objectVersion = 50;
	objects = {

/* Begin PBXBuildFile section */
		F9A43BB4229A2EA800B5EAAE /* main.cpp in Sources */ = {isa = PBXBuildFile; fileRef = F9A43BB3229A2EA800B5EAAE /* main.cpp */; };
		F9A43BBC229A67A000B5EAAE /* Sales_data.cpp in Sources */ = {isa = PBXBuildFile; fileRef = F9A43BBA229A67A000B5EAAE /* Sales_data.cpp */; };
		F9A43BBF229A6DE100B5EAAE /* String.cpp in Sources */ = {isa = PBXBuildFile; fileRef = F9A43BBD229A6DE100B5EAAE /* String.cpp */; };
		F9A43BC2229A752400B5EAAE /* StrVec.cpp in Sources */ = {isa = PBXBuildFile; fileRef = F9A43BC0229A752400B5EAAE /* StrVec.cpp */; };
		F9A43BC5229AAFEB00B5EAAE /* StringLengthChecker.cpp in Sources */ = {isa = PBXBuildFile; fileRef = F9A43BC3229AAFEB00B5EAAE /* StringLengthChecker.cpp */; };
/* End PBXBuildFile section */

/* Begin PBXCopyFilesBuildPhase section */
		F9A43BAE229A2EA800B5EAAE /* CopyFiles */ = {
			isa = PBXCopyFilesBuildPhase;
			buildActionMask = 2147483647;
			dstPath = /usr/share/man/man1/;
			dstSubfolderSpec = 0;
			files = (
			);
			runOnlyForDeploymentPostprocessing = 1;
		};
/* End PBXCopyFilesBuildPhase section */

/* Begin PBXFileReference section */
		F9A43BB0229A2EA800B5EAAE /* overload */ = {isa = PBXFileReference; explicitFileType = "compiled.mach-o.executable"; includeInIndex = 0; path = overload; sourceTree = BUILT_PRODUCTS_DIR; };
		F9A43BB3229A2EA800B5EAAE /* main.cpp */ = {isa = PBXFileReference; lastKnownFileType = sourcecode.cpp.cpp; path = main.cpp; sourceTree = "<group>"; };
		F9A43BBA229A67A000B5EAAE /* Sales_data.cpp */ = {isa = PBXFileReference; fileEncoding = 4; lastKnownFileType = sourcecode.cpp.cpp; path = Sales_data.cpp; sourceTree = "<group>"; };
		F9A43BBB229A67A000B5EAAE /* Sales_data.hpp */ = {isa = PBXFileReference; fileEncoding = 4; lastKnownFileType = sourcecode.cpp.h; path = Sales_data.hpp; sourceTree = "<group>"; };
		F9A43BBD229A6DE100B5EAAE /* String.cpp */ = {isa = PBXFileReference; fileEncoding = 4; lastKnownFileType = sourcecode.cpp.cpp; path = String.cpp; sourceTree = "<group>"; };
		F9A43BBE229A6DE100B5EAAE /* String.hpp */ = {isa = PBXFileReference; fileEncoding = 4; lastKnownFileType = sourcecode.cpp.h; path = String.hpp; sourceTree = "<group>"; };
		F9A43BC0229A752400B5EAAE /* StrVec.cpp */ = {isa = PBXFileReference; fileEncoding = 4; lastKnownFileType = sourcecode.cpp.cpp; path = StrVec.cpp; sourceTree = "<group>"; };
		F9A43BC1229A752400B5EAAE /* StrVec.hpp */ = {isa = PBXFileReference; fileEncoding = 4; lastKnownFileType = sourcecode.cpp.h; path = StrVec.hpp; sourceTree = "<group>"; };
		F9A43BC3229AAFEB00B5EAAE /* StringLengthChecker.cpp */ = {isa = PBXFileReference; lastKnownFileType = sourcecode.cpp.cpp; path = StringLengthChecker.cpp; sourceTree = "<group>"; };
		F9A43BC4229AAFEB00B5EAAE /* StringLengthChecker.hpp */ = {isa = PBXFileReference; lastKnownFileType = sourcecode.cpp.h; path = StringLengthChecker.hpp; sourceTree = "<group>"; };
/* End PBXFileReference section */

/* Begin PBXFrameworksBuildPhase section */
		F9A43BAD229A2EA800B5EAAE /* Frameworks */ = {
			isa = PBXFrameworksBuildPhase;
			buildActionMask = 2147483647;
			files = (
			);
			runOnlyForDeploymentPostprocessing = 0;
		};
/* End PBXFrameworksBuildPhase section */

/* Begin PBXGroup section */
		F9A43BA7229A2EA800B5EAAE = {
			isa = PBXGroup;
			children = (
				F9A43BB2229A2EA800B5EAAE /* overload */,
				F9A43BB1229A2EA800B5EAAE /* Products */,
			);
			sourceTree = "<group>";
		};
		F9A43BB1229A2EA800B5EAAE /* Products */ = {
			isa = PBXGroup;
			children = (
				F9A43BB0229A2EA800B5EAAE /* overload */,
			);
			name = Products;
			sourceTree = "<group>";
		};
		F9A43BB2229A2EA800B5EAAE /* overload */ = {
			isa = PBXGroup;
			children = (
				F9A43BB3229A2EA800B5EAAE /* main.cpp */,
				F9A43BBD229A6DE100B5EAAE /* String.cpp */,
				F9A43BBE229A6DE100B5EAAE /* String.hpp */,
				F9A43BBA229A67A000B5EAAE /* Sales_data.cpp */,
				F9A43BBB229A67A000B5EAAE /* Sales_data.hpp */,
				F9A43BC0229A752400B5EAAE /* StrVec.cpp */,
				F9A43BC1229A752400B5EAAE /* StrVec.hpp */,
				F9A43BC3229AAFEB00B5EAAE /* StringLengthChecker.cpp */,
				F9A43BC4229AAFEB00B5EAAE /* StringLengthChecker.hpp */,
			);
			path = overload;
			sourceTree = "<group>";
		};
/* End PBXGroup section */

/* Begin PBXNativeTarget section */
		F9A43BAF229A2EA800B5EAAE /* overload */ = {
			isa = PBXNativeTarget;
			buildConfigurationList = F9A43BB7229A2EA800B5EAAE /* Build configuration list for PBXNativeTarget "overload" */;
			buildPhases = (
				F9A43BAC229A2EA800B5EAAE /* Sources */,
				F9A43BAD229A2EA800B5EAAE /* Frameworks */,
				F9A43BAE229A2EA800B5EAAE /* CopyFiles */,
			);
			buildRules = (
			);
			dependencies = (
			);
			name = overload;
			productName = overload;
			productReference = F9A43BB0229A2EA800B5EAAE /* overload */;
			productType = "com.apple.product-type.tool";
		};
/* End PBXNativeTarget section */

/* Begin PBXProject section */
		F9A43BA8229A2EA800B5EAAE /* Project object */ = {
			isa = PBXProject;
			attributes = {
				LastUpgradeCheck = 1020;
				ORGANIZATIONNAME = "肖仲文";
				TargetAttributes = {
					F9A43BAF229A2EA800B5EAAE = {
						CreatedOnToolsVersion = 10.2.1;
					};
				};
			};
			buildConfigurationList = F9A43BAB229A2EA800B5EAAE /* Build configuration list for PBXProject "overload" */;
			compatibilityVersion = "Xcode 9.3";
			developmentRegion = en;
			hasScannedForEncodings = 0;
			knownRegions = (
				en,
			);
			mainGroup = F9A43BA7229A2EA800B5EAAE;
			productRefGroup = F9A43BB1229A2EA800B5EAAE /* Products */;
			projectDirPath = "";
			projectRoot = "";
			targets = (
				F9A43BAF229A2EA800B5EAAE /* overload */,
			);
		};
/* End PBXProject section */

/* Begin PBXSourcesBuildPhase section */
		F9A43BAC229A2EA800B5EAAE /* Sources */ = {
			isa = PBXSourcesBuildPhase;
			buildActionMask = 2147483647;
			files = (
				F9A43BBC229A67A000B5EAAE /* Sales_data.cpp in Sources */,
				F9A43BBF229A6DE100B5EAAE /* String.cpp in Sources */,
				F9A43BC2229A752400B5EAAE /* StrVec.cpp in Sources */,
				F9A43BB4229A2EA800B5EAAE /* main.cpp in Sources */,
				F9A43BC5229AAFEB00B5EAAE /* StringLengthChecker.cpp in Sources */,
			);
			runOnlyForDeploymentPostprocessing = 0;
		};
/* End PBXSourcesBuildPhase section */

/* Begin XCBuildConfiguration section */
		F9A43BB5229A2EA800B5EAAE /* Debug */ = {
			isa = XCBuildConfiguration;
			buildSettings = {
				ALWAYS_SEARCH_USER_PATHS = NO;
				CLANG_ANALYZER_NONNULL = YES;
				CLANG_ANALYZER_NUMBER_OBJECT_CONVERSION = YES_AGGRESSIVE;
				CLANG_CXX_LANGUAGE_STANDARD = "gnu++14";
				CLANG_CXX_LIBRARY = "libc++";
				CLANG_ENABLE_MODULES = YES;
				CLANG_ENABLE_OBJC_ARC = YES;
				CLANG_ENABLE_OBJC_WEAK = YES;
				CLANG_WARN_BLOCK_CAPTURE_AUTORELEASING = YES;
				CLANG_WARN_BOOL_CONVERSION = YES;
				CLANG_WARN_COMMA = YES;
				CLANG_WARN_CONSTANT_CONVERSION = YES;
				CLANG_WARN_DEPRECATED_OBJC_IMPLEMENTATIONS = YES;
				CLANG_WARN_DIRECT_OBJC_ISA_USAGE = YES_ERROR;
				CLANG_WARN_DOCUMENTATION_COMMENTS = YES;
				CLANG_WARN_EMPTY_BODY = YES;
				CLANG_WARN_ENUM_CONVERSION = YES;
				CLANG_WARN_INFINITE_RECURSION = YES;
				CLANG_WARN_INT_CONVERSION = YES;
				CLANG_WARN_NON_LITERAL_NULL_CONVERSION = YES;
				CLANG_WARN_OBJC_IMPLICIT_RETAIN_SELF = YES;
				CLANG_WARN_OBJC_LITERAL_CONVERSION = YES;
				CLANG_WARN_OBJC_ROOT_CLASS = YES_ERROR;
				CLANG_WARN_RANGE_LOOP_ANALYSIS = YES;
				CLANG_WARN_STRICT_PROTOTYPES = YES;
				CLANG_WARN_SUSPICIOUS_MOVE = YES;
				CLANG_WARN_UNGUARDED_AVAILABILITY = YES_AGGRESSIVE;
				CLANG_WARN_UNREACHABLE_CODE = YES;
				CLANG_WARN__DUPLICATE_METHOD_MATCH = YES;
				CODE_SIGN_IDENTITY = "Mac Developer";
				COPY_PHASE_STRIP = NO;
				DEBUG_INFORMATION_FORMAT = dwarf;
				ENABLE_STRICT_OBJC_MSGSEND = YES;
				ENABLE_TESTABILITY = YES;
				GCC_C_LANGUAGE_STANDARD = gnu11;
				GCC_DYNAMIC_NO_PIC = NO;
				GCC_NO_COMMON_BLOCKS = YES;
				GCC_OPTIMIZATION_LEVEL = 0;
				GCC_PREPROCESSOR_DEFINITIONS = (
					"DEBUG=1",
					"$(inherited)",
				);
				GCC_WARN_64_TO_32_BIT_CONVERSION = YES;
				GCC_WARN_ABOUT_RETURN_TYPE = YES_ERROR;
				GCC_WARN_UNDECLARED_SELECTOR = YES;
				GCC_WARN_UNINITIALIZED_AUTOS = YES_AGGRESSIVE;
				GCC_WARN_UNUSED_FUNCTION = YES;
				GCC_WARN_UNUSED_VARIABLE = YES;
				MACOSX_DEPLOYMENT_TARGET = 10.14;
				MTL_ENABLE_DEBUG_INFO = INCLUDE_SOURCE;
				MTL_FAST_MATH = YES;
				ONLY_ACTIVE_ARCH = YES;
				SDKROOT = macosx;
			};
			name = Debug;
		};
		F9A43BB6229A2EA800B5EAAE /* Release */ = {
			isa = XCBuildConfiguration;
			buildSettings = {
				ALWAYS_SEARCH_USER_PATHS = NO;
				CLANG_ANALYZER_NONNULL = YES;
				CLANG_ANALYZER_NUMBER_OBJECT_CONVERSION = YES_AGGRESSIVE;
				CLANG_CXX_LANGUAGE_STANDARD = "gnu++14";
				CLANG_CXX_LIBRARY = "libc++";
				CLANG_ENABLE_MODULES = YES;
				CLANG_ENABLE_OBJC_ARC = YES;
				CLANG_ENABLE_OBJC_WEAK = YES;
				CLANG_WARN_BLOCK_CAPTURE_AUTORELEASING = YES;
				CLANG_WARN_BOOL_CONVERSION = YES;
				CLANG_WARN_COMMA = YES;
				CLANG_WARN_CONSTANT_CONVERSION = YES;
				CLANG_WARN_DEPRECATED_OBJC_IMPLEMENTATIONS = YES;
				CLANG_WARN_DIRECT_OBJC_ISA_USAGE = YES_ERROR;
				CLANG_WARN_DOCUMENTATION_COMMENTS = YES;
				CLANG_WARN_EMPTY_BODY = YES;
				CLANG_WARN_ENUM_CONVERSION = YES;
				CLANG_WARN_INFINITE_RECURSION = YES;
				CLANG_WARN_INT_CONVERSION = YES;
				CLANG_WARN_NON_LITERAL_NULL_CONVERSION = YES;
				CLANG_WARN_OBJC_IMPLICIT_RETAIN_SELF = YES;
				CLANG_WARN_OBJC_LITERAL_CONVERSION = YES;
				CLANG_WARN_OBJC_ROOT_CLASS = YES_ERROR;
				CLANG_WARN_RANGE_LOOP_ANALYSIS = YES;
				CLANG_WARN_STRICT_PROTOTYPES = YES;
				CLANG_WARN_SUSPICIOUS_MOVE = YES;
				CLANG_WARN_UNGUARDED_AVAILABILITY = YES_AGGRESSIVE;
				CLANG_WARN_UNREACHABLE_CODE = YES;
				CLANG_WARN__DUPLICATE_METHOD_MATCH = YES;
				CODE_SIGN_IDENTITY = "Mac Developer";
				COPY_PHASE_STRIP = NO;
				DEBUG_INFORMATION_FORMAT = "dwarf-with-dsym";
				ENABLE_NS_ASSERTIONS = NO;
				ENABLE_STRICT_OBJC_MSGSEND = YES;
				GCC_C_LANGUAGE_STANDARD = gnu11;
				GCC_NO_COMMON_BLOCKS = YES;
				GCC_WARN_64_TO_32_BIT_CONVERSION = YES;
				GCC_WARN_ABOUT_RETURN_TYPE = YES_ERROR;
				GCC_WARN_UNDECLARED_SELECTOR = YES;
				GCC_WARN_UNINITIALIZED_AUTOS = YES_AGGRESSIVE;
				GCC_WARN_UNUSED_FUNCTION = YES;
				GCC_WARN_UNUSED_VARIABLE = YES;
				MACOSX_DEPLOYMENT_TARGET = 10.14;
				MTL_ENABLE_DEBUG_INFO = NO;
				MTL_FAST_MATH = YES;
				SDKROOT = macosx;
			};
			name = Release;
		};
		F9A43BB8229A2EA800B5EAAE /* Debug */ = {
			isa = XCBuildConfiguration;
			buildSettings = {
				CODE_SIGN_STYLE = Automatic;
				DEVELOPMENT_TEAM = 3YJ9KM5KAS;
				PRODUCT_NAME = "$(TARGET_NAME)";
			};
			name = Debug;
		};
		F9A43BB9229A2EA800B5EAAE /* Release */ = {
			isa = XCBuildConfiguration;
			buildSettings = {
				CODE_SIGN_STYLE = Automatic;
				DEVELOPMENT_TEAM = 3YJ9KM5KAS;
				PRODUCT_NAME = "$(TARGET_NAME)";
			};
			name = Release;
		};
/* End XCBuildConfiguration section */

/* Begin XCConfigurationList section */
		F9A43BAB229A2EA800B5EAAE /* Build configuration list for PBXProject "overload" */ = {
			isa = XCConfigurationList;
			buildConfigurations = (
				F9A43BB5229A2EA800B5EAAE /* Debug */,
				F9A43BB6229A2EA800B5EAAE /* Release */,
			);
			defaultConfigurationIsVisible = 0;
			defaultConfigurationName = Release;
		};
		F9A43BB7229A2EA800B5EAAE /* Build configuration list for PBXNativeTarget "overload" */ = {
			isa = XCConfigurationList;
			buildConfigurations = (
				F9A43BB8229A2EA800B5EAAE /* Debug */,
				F9A43BB9229A2EA800B5EAAE /* Release */,
			);
			defaultConfigurationIsVisible = 0;
			defaultConfigurationName = Release;
		};
/* End XCConfigurationList section */
	};
	rootObject = F9A43BA8229A2EA800B5EAAE /* Project object */;
}
